Microsoft Visual Studio Solution File, Format Version 12.00
# Visual Studio Version 17
VisualStudioVersion = 17.5.2.0
MinimumVisualStudioVersion = 10.0.40219.1
Project("{FAE04EC0-301F-11D3-BF4B-00C04F79EFBC}") = "ProcessadorDeArquivos", "ProcessadorDeArquivos\ProcessadorDeArquivos.csproj", "{875C8B73-4466-E9A3-D614-05618F70FF17}"
EndProject
Global
	GlobalSection(SolutionConfigurationPlatforms) = preSolution
		Debug|Any CPU = Debug|Any CPU
		Release|Any CPU = Release|Any CPU
	EndGlobalSection
	GlobalSection(ProjectConfigurationPlatforms) = postSolution
		{875C8B73-4466-E9A3-D614-05618F70FF17}.Debug|Any CPU.ActiveCfg = Debug|Any CPU
		{875C8B73-4466-E9A3-D614-05618F70FF17}.Debug|Any CPU.Build.0 = Debug|Any CPU
		{875C8B73-4466-E9A3-D614-05618F70FF17}.Release|Any CPU.ActiveCfg = Release|Any CPU
		{875C8B73-4466-E9A3-D614-05618F70FF17}.Release|Any CPU.Build.0 = Release|Any CPU
	EndGlobalSection
	GlobalSection(SolutionProperties) = preSolution
		HideSolutionNode = FALSE
	EndGlobalSection
	GlobalSection(ExtensibilityGlobals) = postSolution
		SolutionGuid = {AE281930-8251-4024-9BCC-C5AB327665B4}
	EndGlobalSection
EndGlobal
